dependencies:
- name: cse
  repository: https://virtru-corp.github.io/virtru-charts/
  version: 0.8.0
- name: cks
  repository: https://virtru-corp.github.io/virtru-charts/
  version: 0.8.6
digest: sha256:ff2a441807df71a90f5fa133b4b31d82d41b6d94284f3ba569c5ab09441ad29f
generated: "2024-09-20T15:56:13.361226-04:00"
